
Microsoft Visual Studio Solution File, Format Version 12.00
# Visual Studio Version 16
VisualStudioVersion = 16.0.30611.23
MinimumVisualStudioVersion = 10.0.40219.1
Project("{FAE04EC0-301F-11D3-BF4B-00C04F79EFBC}") = "BugTracker", "BugTracker\BugTracker.csproj", "{1C2585EA-5730-4713-91C0-12A1EE824EDB}"
EndProject
Global
	GlobalSection(SolutionConfigurationPlatforms) = preSolution
		Debug|Any CPU = Debug|Any CPU
		Release|Any CPU = Release|Any CPU
	EndGlobalSection
	GlobalSection(ProjectConfigurationPlatforms) = postSolution
		{1C2585EA-5730-4713-91C0-12A1EE824EDB}.Debug|Any CPU.ActiveCfg = Debug|Any CPU
		{1C2585EA-5730-4713-91C0-12A1EE824EDB}.Debug|Any CPU.Build.0 = Debug|Any CPU
		{1C2585EA-5730-4713-91C0-12A1EE824EDB}.Release|Any CPU.ActiveCfg = Release|Any CPU
		{1C2585EA-5730-4713-91C0-12A1EE824EDB}.Release|Any CPU.Build.0 = Release|Any CPU
	EndGlobalSection
	GlobalSection(SolutionProperties) = preSolution
		HideSolutionNode = FALSE
	EndGlobalSection
	GlobalSection(ExtensibilityGlobals) = postSolution
		SolutionGuid = {22461CC7-0716-43ED-8415-89BE9A21DA5D}
	EndGlobalSection
EndGlobal
